
Microsoft Visual Studio Solution File, Format Version 12.00
# Visual Studio 2013
VisualStudioVersion = 12.0.40629.0
MinimumVisualStudioVersion = 10.0.40219.1
Project("{FAE04EC0-301F-11D3-BF4B-00C04F79EFBC}") = "Puzzles.Core", "Puzzles.Core\Puzzles.Core.csproj", "{71A2EC8C-7CE7-4054-97D3-FE893C16CC02}"
EndProject
Project("{FAE04EC0-301F-11D3-BF4B-00C04F79EFBC}") = "Puzzles.ProjectEuler", "Puzzles.ProjectEuler\Puzzles.ProjectEuler.csproj", "{9701B093-DE7A-43CB-AFF6-16045581558C}"
EndProject
Project("{FAE04EC0-301F-11D3-BF4B-00C04F79EFBC}") = "Puzzles.LeetCode", "Puzzles.LeetCode\Puzzles.LeetCode.csproj", "{CF270D04-133B-41AB-874F-DE54AD4AB83E}"
EndProject
Project("{FAE04EC0-301F-11D3-BF4B-00C04F79EFBC}") = "Puzzles.Core.Tests", "Puzzles.Core.Tests\Puzzles.Core.Tests.csproj", "{4BD352C2-66BB-4404-8A83-0137309C98DD}"
EndProject
Global
	GlobalSection(SolutionConfigurationPlatforms) = preSolution
		Debug|Any CPU = Debug|Any CPU
		Release|Any CPU = Release|Any CPU
	EndGlobalSection
	GlobalSection(ProjectConfigurationPlatforms) = postSolution
		{71A2EC8C-7CE7-4054-97D3-FE893C16CC02}.Debug|Any CPU.ActiveCfg = Debug|Any CPU
		{71A2EC8C-7CE7-4054-97D3-FE893C16CC02}.Debug|Any CPU.Build.0 = Debug|Any CPU
		{71A2EC8C-7CE7-4054-97D3-FE893C16CC02}.Release|Any CPU.ActiveCfg = Release|Any CPU
		{71A2EC8C-7CE7-4054-97D3-FE893C16CC02}.Release|Any CPU.Build.0 = Release|Any CPU
		{9701B093-DE7A-43CB-AFF6-16045581558C}.Debug|Any CPU.ActiveCfg = Debug|Any CPU
		{9701B093-DE7A-43CB-AFF6-16045581558C}.Debug|Any CPU.Build.0 = Debug|Any CPU
		{9701B093-DE7A-43CB-AFF6-16045581558C}.Release|Any CPU.ActiveCfg = Release|Any CPU
		{9701B093-DE7A-43CB-AFF6-16045581558C}.Release|Any CPU.Build.0 = Release|Any CPU
		{CF270D04-133B-41AB-874F-DE54AD4AB83E}.Debug|Any CPU.ActiveCfg = Debug|Any CPU
		{CF270D04-133B-41AB-874F-DE54AD4AB83E}.Debug|Any CPU.Build.0 = Debug|Any CPU
		{CF270D04-133B-41AB-874F-DE54AD4AB83E}.Release|Any CPU.ActiveCfg = Release|Any CPU
		{CF270D04-133B-41AB-874F-DE54AD4AB83E}.Release|Any CPU.Build.0 = Release|Any CPU
		{4BD352C2-66BB-4404-8A83-0137309C98DD}.Debug|Any CPU.ActiveCfg = Debug|Any CPU
		{4BD352C2-66BB-4404-8A83-0137309C98DD}.Debug|Any CPU.Build.0 = Debug|Any CPU
		{4BD352C2-66BB-4404-8A83-0137309C98DD}.Release|Any CPU.ActiveCfg = Release|Any CPU
		{4BD352C2-66BB-4404-8A83-0137309C98DD}.Release|Any CPU.Build.0 = Release|Any CPU
	EndGlobalSection
	GlobalSection(SolutionProperties) = preSolution
		HideSolutionNode = FALSE
	EndGlobalSection
EndGlobal
